[[package]]
name = "cowsay"
version = "5.0"
description = "The famous cowsay for GNU/Linux is now available for python"
category = "main"
optional = false
python-versions = "*"

[metadata]
lock-version = "1.1"
python-versions = "^3.8"
content-hash = "81dd5915a98b1b9e5f180782862c46bbc3b6e9a8ccb5c6f4b8f489b893c584bf"

[metadata.files]
cowsay = []
